
Microsoft Visual Studio Solution File, Format Version 12.00
# Visual Studio Version 16
VisualStudioVersion = 16.0.29418.71
MinimumVisualStudioVersion = 10.0.40219.1
Project("{FAE04EC0-301F-11D3-BF4B-00C04F79EFBC}") = "mkolaric1_zadaca_3", "mkolaric1_zadaca_3\mkolaric1_zadaca_3.csproj", "{D58CD0FD-BF8A-4617-B365-724C81EE40E3}"
EndProject
Global
	GlobalSection(SolutionConfigurationPlatforms) = preSolution
		Debug|Any CPU = Debug|Any CPU
		Release|Any CPU = Release|Any CPU
	EndGlobalSection
	GlobalSection(ProjectConfigurationPlatforms) = postSolution
		{D58CD0FD-BF8A-4617-B365-724C81EE40E3}.Debug|Any CPU.ActiveCfg = Debug|Any CPU
		{D58CD0FD-BF8A-4617-B365-724C81EE40E3}.Debug|Any CPU.Build.0 = Debug|Any CPU
		{D58CD0FD-BF8A-4617-B365-724C81EE40E3}.Release|Any CPU.ActiveCfg = Release|Any CPU
		{D58CD0FD-BF8A-4617-B365-724C81EE40E3}.Release|Any CPU.Build.0 = Release|Any CPU
	EndGlobalSection
	GlobalSection(SolutionProperties) = preSolution
		HideSolutionNode = FALSE
	EndGlobalSection
	GlobalSection(ExtensibilityGlobals) = postSolution
		SolutionGuid = {0AB04A4E-285D-4BFC-86DE-4AC894FFC78A}
	EndGlobalSection
EndGlobal
